
Microsoft Visual Studio Solution File, Format Version 12.00
# Visual Studio Version 17
VisualStudioVersion = 17.11.35312.102
MinimumVisualStudioVersion = 10.0.40219.1
Project("{9A19103F-16F7-4668-BE54-9A1E7A4F7556}") = "Order.API", "API\Order.API.csproj", "{6E1CE7B6-715E-445E-A7EF-2BE69EFA2EB3}"
EndProject
Project("{9A19103F-16F7-4668-BE54-9A1E7A4F7556}") = "Order.ApplicationCore", "ApplicationCore\Order.ApplicationCore.csproj", "{0E474E1B-081A-4F27-9A0A-4F5611F437FB}"
EndProject
Project("{9A19103F-16F7-4668-BE54-9A1E7A4F7556}") = "Order.Infrastructure", "Infrastructure\Order.Infrastructure.csproj", "{50D7D59F-E17F-4D67-96FA-40F732A5814B}"
EndProject
Global
	GlobalSection(SolutionConfigurationPlatforms) = preSolution
		Debug|Any CPU = Debug|Any CPU
		Release|Any CPU = Release|Any CPU
	EndGlobalSection
	GlobalSection(ProjectConfigurationPlatforms) = postSolution
		{6E1CE7B6-715E-445E-A7EF-2BE69EFA2EB3}.Debug|Any CPU.ActiveCfg = Debug|Any CPU
		{6E1CE7B6-715E-445E-A7EF-2BE69EFA2EB3}.Debug|Any CPU.Build.0 = Debug|Any CPU
		{6E1CE7B6-715E-445E-A7EF-2BE69EFA2EB3}.Release|Any CPU.ActiveCfg = Release|Any CPU
		{6E1CE7B6-715E-445E-A7EF-2BE69EFA2EB3}.Release|Any CPU.Build.0 = Release|Any CPU
		{0E474E1B-081A-4F27-9A0A-4F5611F437FB}.Debug|Any CPU.ActiveCfg = Debug|Any CPU
		{0E474E1B-081A-4F27-9A0A-4F5611F437FB}.Debug|Any CPU.Build.0 = Debug|Any CPU
		{0E474E1B-081A-4F27-9A0A-4F5611F437FB}.Release|Any CPU.ActiveCfg = Release|Any CPU
		{0E474E1B-081A-4F27-9A0A-4F5611F437FB}.Release|Any CPU.Build.0 = Release|Any CPU
		{50D7D59F-E17F-4D67-96FA-40F732A5814B}.Debug|Any CPU.ActiveCfg = Debug|Any CPU
		{50D7D59F-E17F-4D67-96FA-40F732A5814B}.Debug|Any CPU.Build.0 = Debug|Any CPU
		{50D7D59F-E17F-4D67-96FA-40F732A5814B}.Release|Any CPU.ActiveCfg = Release|Any CPU
		{50D7D59F-E17F-4D67-96FA-40F732A5814B}.Release|Any CPU.Build.0 = Release|Any CPU
	EndGlobalSection
	GlobalSection(SolutionProperties) = preSolution
		HideSolutionNode = FALSE
	EndGlobalSection
	GlobalSection(ExtensibilityGlobals) = postSolution
		SolutionGuid = {6C4F1E77-F342-40DE-998B-21768FCA6E02}
	EndGlobalSection
EndGlobal
